
Microsoft Visual Studio Solution File, Format Version 12.00
# Visual Studio Version 17
VisualStudioVersion = 17.12.35527.113 d17.12
MinimumVisualStudioVersion = 10.0.40219.1
Project("{FAE04EC0-301F-11D3-BF4B-00C04F79EFBC}") = "FunTextUI", "FunTextUI\FunTextUI.csproj", "{12442B2E-960E-4FE6-9808-6C6AAB6A87EC}"
EndProject
Project("{FAE04EC0-301F-11D3-BF4B-00C04F79EFBC}") = "FunTextLibrary", "FunTextLibrary\FunTextLibrary.csproj", "{3DBF705A-0D3C-4EC0-AF01-7FAC503A5B58}"
EndProject
Global
	GlobalSection(SolutionConfigurationPlatforms) = preSolution
		Debug|Any CPU = Debug|Any CPU
		Release|Any CPU = Release|Any CPU
	EndGlobalSection
	GlobalSection(ProjectConfigurationPlatforms) = postSolution
		{12442B2E-960E-4FE6-9808-6C6AAB6A87EC}.Debug|Any CPU.ActiveCfg = Debug|Any CPU
		{12442B2E-960E-4FE6-9808-6C6AAB6A87EC}.Debug|Any CPU.Build.0 = Debug|Any CPU
		{12442B2E-960E-4FE6-9808-6C6AAB6A87EC}.Release|Any CPU.ActiveCfg = Release|Any CPU
		{12442B2E-960E-4FE6-9808-6C6AAB6A87EC}.Release|Any CPU.Build.0 = Release|Any CPU
		{3DBF705A-0D3C-4EC0-AF01-7FAC503A5B58}.Debug|Any CPU.ActiveCfg = Debug|Any CPU
		{3DBF705A-0D3C-4EC0-AF01-7FAC503A5B58}.Debug|Any CPU.Build.0 = Debug|Any CPU
		{3DBF705A-0D3C-4EC0-AF01-7FAC503A5B58}.Release|Any CPU.ActiveCfg = Release|Any CPU
		{3DBF705A-0D3C-4EC0-AF01-7FAC503A5B58}.Release|Any CPU.Build.0 = Release|Any CPU
	EndGlobalSection
	GlobalSection(SolutionProperties) = preSolution
		HideSolutionNode = FALSE
	EndGlobalSection
EndGlobal
